<?xml version="1.0" encoding="utf-8"?>
<Project ToolsVersion="4.0" xmlns="http://schemas.microsoft.com/developer/msbuild/2003">
  <ItemGroup>
    <ClCompile Include="protobuf\generated\cs_usercmd.pb.cc" />
    <ClCompile Include="protobuf\generated\networkbasetypes.pb.cc" />
    <ClCompile Include="protobuf\generated\network_connection.pb.cc" />
    <ClCompile Include="protobuf\generated\usercmd.pb.cc" />
    <ClCompile Include="protobuf\generated\usermessages.pb.cc" />
    <ClCompile Include="protobuf\generated\cstrike15_gcmessages.pb.cc" />
    <ClCompile Include="protobuf\generated\cstrike15_usermessages.pb.cc" />
    <ClCompile Include="protobuf\generated\gcsdk_gcmessages.pb.cc" />
    <ClCompile Include="protobuf\generated\engine_gcmessages.pb.cc" />
    <ClCompile Include="protobuf\generated\netmessages.pb.cc" />
    <ClCompile Include="protobuf\generated\steammessages.pb.cc" />
    <ClCompile Include="sdk\entity2\entityidentity.cpp" />
    <ClCompile Include="sdk\entity2\entitykeyvalues.cpp" />
    <ClCompile Include="sdk\entity2\entitysystem.cpp" />
    <ClCompile Include="sdk\public\tier0\memoverride.cpp" />
    <ClCompile Include="sdk\tier1\keyvalues3.cpp" />
    <ClCompile Include="src\addresses.cpp" />
    <ClCompile Include="src\adminsystem.cpp" />
    <ClCompile Include="src\commands.cpp" />
    <ClCompile Include="src\cs2fixes.cpp" />
    <ClCompile Include="src\cs2_sdk\schema.cpp" />
    <ClCompile Include="src\ctimer.cpp" />
    <ClCompile Include="src\customio.cpp" />
    <ClCompile Include="src\cvars.cpp" />
    <ClCompile Include="src\detours.cpp" />
    <ClCompile Include="src\discord.cpp" />
    <ClCompile Include="src\entities.cpp" />
    <ClCompile Include="src\events.cpp" />
    <ClCompile Include="src\gameconfig.cpp" />
    <ClCompile Include="src\gamesystem.cpp" />
    <ClCompile Include="src\httpmanager.cpp" />
    <ClCompile Include="src\idlemanager.cpp" />
    <ClCompile Include="src\map_votes.cpp" />
    <ClCompile Include="src\mempatch.cpp" />
    <ClCompile Include="src\panoramavote.cpp" />
    <ClCompile Include="src\patches.cpp" />
    <ClCompile Include="src\playermanager.cpp" />
    <ClCompile Include="src\user_preferences.cpp" />
    <ClCompile Include="src\votemanager.cpp" />
    <ClCompile Include="src\vsBots.cpp" />
    <ClCompile Include="src\zombiereborn.cpp" />
    <ClCompile Include="src\entitylistener.cpp" />
    <ClCompile Include="src\leader.cpp" />
    <ClCompile Include="sdk\tier1\convar.cpp" />
    <ClCompile Include="src\utils\entity.cpp" />
    <ClCompile Include="src\utils\plat_unix.cpp" />
    <ClCompile Include="src\utils\plat_win.cpp" />
  </ItemGroup>
  <ItemGroup>
    <ClInclude Include="src\adminsystem.h" />
    <ClInclude Include="src\commands.h" />
    <ClInclude Include="src\common.h" />
    <ClInclude Include="src\cs2fixes.h" />
    <ClInclude Include="src\cs2_sdk\cschemasystem.h" />
    <ClInclude Include="src\cs2_sdk\entity\cbaseentity.h" />
    <ClInclude Include="src\cs2_sdk\entity\cbasemodelentity.h" />
    <ClInclude Include="src\cs2_sdk\entity\cbaseplayercontroller.h" />
    <ClInclude Include="src\cs2_sdk\entity\cbaseplayerpawn.h" />
    <ClInclude Include="src\cs2_sdk\entity\cbasetrigger.h" />
    <ClInclude Include="src\cs2_sdk\entity\ccollisionproperty.h" />
    <ClInclude Include="src\cs2_sdk\entity\ccsbot.h" />
    <ClInclude Include="src\cs2_sdk\entity\ccsplayercontroller.h" />
    <ClInclude Include="src\cs2_sdk\entity\ccsplayerpawn.h" />
    <ClInclude Include="src\cs2_sdk\entity\ccsweaponbase.h" />
    <ClInclude Include="src\cs2_sdk\entity\cenventitymaker.h" />
    <ClInclude Include="src\cs2_sdk\entity\cenvhudhint.h" />
    <ClInclude Include="src\cs2_sdk\entity\cgameplayerequip.h" />
    <ClInclude Include="src\cs2_sdk\entity\cgamerules.h" />
    <ClInclude Include="src\cs2_sdk\entity\clogiccase.h" />
    <ClInclude Include="src\cs2_sdk\entity\cparticlesystem.h" />
    <ClInclude Include="src\cs2_sdk\entity\cphysthruster.h" />
    <ClInclude Include="src\cs2_sdk\entity\ctakedamageinfo.h" />
    <ClInclude Include="src\cs2_sdk\entity\cteam.h" />
    <ClInclude Include="src\cs2_sdk\entity\ctriggerpush.h" />
    <ClInclude Include="src\cs2_sdk\entity\cvotecontroller.h" />
    <ClInclude Include="src\cs2_sdk\entity\globaltypes.h" />
    <ClInclude Include="src\cs2_sdk\entity\lights.h" />
    <ClInclude Include="src\cs2_sdk\entity\services.h" />
    <ClInclude Include="src\cs2_sdk\schema.h" />
    <ClInclude Include="src\cdetour.h" />
    <ClInclude Include="src\ctimer.h" />
    <ClInclude Include="src\customio.h" />
    <ClInclude Include="src\detours.h" />
    <ClInclude Include="src\discord.h" />
    <ClInclude Include="src\entities.h" />
    <ClInclude Include="src\eventlistener.h" />
    <ClInclude Include="src\gamesystem.h" />
    <ClInclude Include="src\gameconfig.h" />
    <ClInclude Include="src\httpmanager.h" />
    <ClInclude Include="src\idlemanager.h" />
    <ClInclude Include="src\mempatch.h" />
    <ClInclude Include="src\addresses.h" />
    <ClInclude Include="src\panoramavote.h" />
    <ClInclude Include="src\patches.h" />
    <ClInclude Include="src\playermanager.h" />
    <ClInclude Include="src\recipientfilters.h" />
    <ClInclude Include="src\serversideclient.h" />
    <ClInclude Include="src\utils\plat_win.h" />
    <ClInclude Include="src\votemanager.h" />
    <ClInclude Include="src\map_votes.h" />
    <ClInclude Include="src\user_preferences.h" />
    <ClInclude Include="src\vsBots.h" />
    <ClInclude Include="src\zombiereborn.h" />
    <ClInclude Include="src\entitylistener.h" />
    <ClInclude Include="src\leader.h" />
    <ClInclude Include="src\utils\entity.h" />
    <ClInclude Include="src\utils\module.h" />
    <ClInclude Include="src\utils\plat.h" />
    <ClInclude Include="src\utils\virtual.h" />
  </ItemGroup>
  <ItemGroup>
    <Text Include="configs\vsbots\botnames.txt" />
    <Text Include="configs\vsbots\printtext.cfg" />
  </ItemGroup>
</Project>